
Microsoft Visual Studio Solution File, Format Version 11.00
# Visual Studio 2010
Project("{FAE04EC0-301F-11D3-BF4B-00C04F79EFBC}") = "MongoBench", "MongoBench.csproj", "{FB486824-031A-48BD-A81B-4B11A1A7887A}"
EndProject
Project("{2150E333-8FDC-42A3-9474-1A3956D46DE8}") = "Solution Items", "Solution Items", "{54ED5E97-068A-4C8D-ACFE-14C9B8849F15}"
EndProject
Global
	GlobalSection(SolutionConfigurationPlatforms) = preSolution
		Debug|x86 = Debug|x86
		Release|x86 = Release|x86
	EndGlobalSection
	GlobalSection(ProjectConfigurationPlatforms) = postSolution
		{FB486824-031A-48BD-A81B-4B11A1A7887A}.Debug|x86.ActiveCfg = Debug|x86
		{FB486824-031A-48BD-A81B-4B11A1A7887A}.Debug|x86.Build.0 = Debug|x86
		{FB486824-031A-48BD-A81B-4B11A1A7887A}.Release|x86.ActiveCfg = Release|x86
		{FB486824-031A-48BD-A81B-4B11A1A7887A}.Release|x86.Build.0 = Release|x86
	EndGlobalSection
	GlobalSection(SolutionProperties) = preSolution
		HideSolutionNode = FALSE
	EndGlobalSection
EndGlobal
